<?xml version="1.0" encoding="utf-8"?>
<Project ToolsVersion="4.0" xmlns="http://schemas.microsoft.com/developer/msbuild/2003">
  <ItemGroup>
    <ClCompile Include="GameStart.cpp" />
    <ClCompile Include="BehaviourTree\BTVariable.cpp" />
    <ClCompile Include="BehaviourTree\Blackboard.cpp" />
    <ClCompile Include="BehaviourTree\TreeNode.cpp" />
    <ClCompile Include="BehaviourTree\CompositeNodes.cpp" />
    <ClCompile Include="BehaviourTree\DecoratorNodes.cpp" />
    <ClCompile Include="BehaviourTree\TaskNodes.cpp" />
    <ClCompile Include="BehaviourTree\NodeFactory.cpp" />
    <ClCompile Include="BehaviourTree\BehaviorTree.cpp" />
    <ClCompile Include="BehaviourTree\BehaviorTreeEditor.cpp" />
  </ItemGroup>
  <ItemGroup>
    <ClInclude Include="BehaviourTree\BTVariable.h" />
    <ClInclude Include="BehaviourTree\Blackboard.h" />
    <ClInclude Include="BehaviourTree\TreeNode.h" />
    <ClInclude Include="BehaviourTree\CompositeNodes.h" />
    <ClInclude Include="BehaviourTree\DecoratorNodes.h" />
    <ClInclude Include="BehaviourTree\TaskNodes.h" />
    <ClInclude Include="BehaviourTree\NodeFactory.h" />
    <ClInclude Include="BehaviourTree\BehaviorTree.h" />
    <ClInclude Include="BehaviourTree\BehaviorTreeTypes.h" />
    <ClInclude Include="BehaviourTree\CompositeNode.h" />
    <ClInclude Include="BehaviourTree\BehaviorTreeEditor.h" />
  </ItemGroup>
</Project>